
Microsoft Visual Studio Solution File, Format Version 12.00
# Visual Studio Version 16
VisualStudioVersion = 16.0.29424.173
MinimumVisualStudioVersion = 10.0.40219.1
Project("{FAE04EC0-301F-11D3-BF4B-00C04F79EFBC}") = "WpfDataGridValidation", "WpfDataGridValidation\WpfDataGridValidation.csproj", "{797893F0-48F2-4985-8327-2B18631B5AF6}"
EndProject
Global
	GlobalSection(SolutionConfigurationPlatforms) = preSolution
		Debug|Any CPU = Debug|Any CPU
		Release|Any CPU = Release|Any CPU
	EndGlobalSection
	GlobalSection(ProjectConfigurationPlatforms) = postSolution
		{797893F0-48F2-4985-8327-2B18631B5AF6}.Debug|Any CPU.ActiveCfg = Debug|Any CPU
		{797893F0-48F2-4985-8327-2B18631B5AF6}.Debug|Any CPU.Build.0 = Debug|Any CPU
		{797893F0-48F2-4985-8327-2B18631B5AF6}.Release|Any CPU.ActiveCfg = Release|Any CPU
		{797893F0-48F2-4985-8327-2B18631B5AF6}.Release|Any CPU.Build.0 = Release|Any CPU
	EndGlobalSection
	GlobalSection(SolutionProperties) = preSolution
		HideSolutionNode = FALSE
	EndGlobalSection
	GlobalSection(ExtensibilityGlobals) = postSolution
		SolutionGuid = {59524229-CFB9-4EDB-9E93-5D40F5160A34}
	EndGlobalSection
EndGlobal
